
Microsoft Visual Studio Solution File, Format Version 12.00
# Visual Studio 15
VisualStudioVersion = 15.0.28307.136
MinimumVisualStudioVersion = 10.0.40219.1
Project("{FAE04EC0-301F-11D3-BF4B-00C04F79EFBC}") = "Queen's Speech", "Queen's Speech\Queen's Speech.csproj", "{CFFFC1B8-6670-4D32-A802-1FF37F8143CF}"
EndProject
Global
	GlobalSection(SolutionConfigurationPlatforms) = preSolution
		Debug|Any CPU = Debug|Any CPU
		Release|Any CPU = Release|Any CPU
	EndGlobalSection
	GlobalSection(ProjectConfigurationPlatforms) = postSolution
		{CFFFC1B8-6670-4D32-A802-1FF37F8143CF}.Debug|Any CPU.ActiveCfg = Debug|Any CPU
		{CFFFC1B8-6670-4D32-A802-1FF37F8143CF}.Debug|Any CPU.Build.0 = Debug|Any CPU
		{CFFFC1B8-6670-4D32-A802-1FF37F8143CF}.Release|Any CPU.ActiveCfg = Release|Any CPU
		{CFFFC1B8-6670-4D32-A802-1FF37F8143CF}.Release|Any CPU.Build.0 = Release|Any CPU
	EndGlobalSection
	GlobalSection(SolutionProperties) = preSolution
		HideSolutionNode = FALSE
	EndGlobalSection
	GlobalSection(ExtensibilityGlobals) = postSolution
		SolutionGuid = {2D7C14B8-4952-4E26-950F-3DC164AB10E6}
	EndGlobalSection
EndGlobal
